<?xml version="1.0" encoding="utf-8"?>
<Project ToolsVersion="4.0" xmlns="http://schemas.microsoft.com/developer/msbuild/2003">
  <ItemGroup>
    <Filter Include="Header Files">
      <UniqueIdentifier>{93995380-89BD-4b04-88EB-625FBE52EBFB}</UniqueIdentifier>
      <Extensions>h;hh;hpp;hxx;hm;inl;inc;ipp;xsd</Extensions>
    </Filter>
    <Filter Include="Resource Files">
      <UniqueIdentifier>{67DA6AB6-F800-4c08-8B7A-83BB121AAD01}</UniqueIdentifier>
      <Extensions>rc;ico;cur;bmp;dlg;rc2;rct;bin;rgs;gif;jpg;jpeg;jpe;resx;tiff;tif;png;wav;mfcribbon-ms</Extensions>
    </Filter>
    <Filter Include="Tests">
      <UniqueIdentifier>{2f7e2bda-a825-42b4-bb97-33f1c86d75e4}</UniqueIdentifier>
    </Filter>
    <Filter Include="Base">
      <UniqueIdentifier>{2c623de9-de21-4290-a519-a2fad8e03c34}</UniqueIdentifier>
    </Filter>
    <Filter Include="3rdParty">
      <UniqueIdentifier>{91540355-7217-44cb-9e04-a76ee43f0444}</UniqueIdentifier>
    </Filter>
    <Filter Include="Serialization">
      <UniqueIdentifier>{785c7d91-ec77-4bc6-994a-29b11d8d9b5a}</UniqueIdentifier>
    </Filter>
    <Filter Include="3rdParty\rapidxml">
      <UniqueIdentifier>{54de47b8-6052-4f55-9f5a-860c977396ec}</UniqueIdentifier>
    </Filter>
    <Filter Include="3rdParty\nlohmann">
      <UniqueIdentifier>{8c81f48b-6501-4001-a0df-07f8a8fce519}</UniqueIdentifier>
    </Filter>
    <Filter Include="Source Files">
      <UniqueIdentifier>{4FC737F1-C7A5-4376-A066-2A32D752A2FF}</UniqueIdentifier>
      <Extensions>cpp;c;cc;cxx;def;odl;idl;hpj;bat;asm;asmx</Extensions>
    </Filter>
  </ItemGroup>
  <ItemGroup>
    <ClInclude Include="Pch\pch.h">
      <Filter>Header Files</Filter>
    </ClInclude>
    <ClInclude Include="Test\Test.h">
      <Filter>Tests</Filter>
    </ClInclude>
    <ClInclude Include="Test\BaseTests.h">
      <Filter>Tests</Filter>
    </ClInclude>
    <ClInclude Include="Test\ValueTests.h">
      <Filter>Tests</Filter>
    </ClInclude>
    <ClInclude Include="Base\Base.h">
      <Filter>Base</Filter>
    </ClInclude>
    <ClInclude Include="Base\Object.h">
      <Filter>Base</Filter>
    </ClInclude>
    <ClInclude Include="Base\Cast.h">
      <Filter>Base</Filter>
    </ClInclude>
    <ClInclude Include="Base\Property.h">
      <Filter>Base</Filter>
    </ClInclude>
    <ClInclude Include="Base\Value.h">
      <Filter>Base</Filter>
    </ClInclude>
    <ClInclude Include="Test\ObjectTests.h">
      <Filter>Tests</Filter>
    </ClInclude>
    <ClInclude Include="Serialization\Xml.h">
      <Filter>Serialization</Filter>
    </ClInclude>
    <ClInclude Include="Serialization\Json.h">
      <Filter>Serialization</Filter>
    </ClInclude>
    <ClInclude Include="3rdParty\rapidxml\rapidxml.hpp">
      <Filter>3rdParty\rapidxml</Filter>
    </ClInclude>
    <ClInclude Include="3rdParty\rapidxml\rapidxml_iterators.hpp">
      <Filter>3rdParty\rapidxml</Filter>
    </ClInclude>
    <ClInclude Include="3rdParty\rapidxml\rapidxml_print.hpp">
      <Filter>3rdParty\rapidxml</Filter>
    </ClInclude>
    <ClInclude Include="3rdParty\rapidxml\rapidxml_utils.hpp">
      <Filter>3rdParty\rapidxml</Filter>
    </ClInclude>
    <ClInclude Include="3rdParty\nlohmann\json.hpp">
      <Filter>3rdParty\nlohmann</Filter>
    </ClInclude>
    <ClInclude Include="Test\SerializationTests.h">
      <Filter>Tests</Filter>
    </ClInclude>
    <ClInclude Include="Base\Compare.h">
      <Filter>Base</Filter>
    </ClInclude>
  </ItemGroup>
  <ItemGroup>
    <ClCompile Include="Pch\pch.cpp">
      <Filter>Source Files</Filter>
    </ClCompile>
    <ClCompile Include="Test\BaseTests.cpp">
      <Filter>Tests</Filter>
    </ClCompile>
    <ClCompile Include="Test\Test.cpp">
      <Filter>Tests</Filter>
    </ClCompile>
    <ClCompile Include="Test\ValueTests.cpp">
      <Filter>Tests</Filter>
    </ClCompile>
    <ClCompile Include="Test\TestMain.cpp">
      <Filter>Tests</Filter>
    </ClCompile>
    <ClCompile Include="Test\ObjectTests.cpp">
      <Filter>Tests</Filter>
    </ClCompile>
    <ClCompile Include="Base\Base.cpp">
      <Filter>Base</Filter>
    </ClCompile>
    <ClCompile Include="Base\Object.cpp">
      <Filter>Base</Filter>
    </ClCompile>
    <ClCompile Include="Base\Property.cpp">
      <Filter>Base</Filter>
    </ClCompile>
    <ClCompile Include="Base\Value.cpp">
      <Filter>Base</Filter>
    </ClCompile>
    <ClCompile Include="Serialization\Json.cpp">
      <Filter>Serialization</Filter>
    </ClCompile>
    <ClCompile Include="Serialization\Xml.cpp">
      <Filter>Serialization</Filter>
    </ClCompile>
    <ClCompile Include="Test\SerializationTests.cpp">
      <Filter>Tests</Filter>
    </ClCompile>
  </ItemGroup>
</Project>