<?xml version="1.0" encoding="UTF-8" standalone="yes" ?>
<CodeBlocks_project_file>
	<FileVersion major="1" minor="6" />
	<Project>
		<Option title="dISToBJ" />
		<Option pch_mode="2" />
		<Option compiler="gcc" />
		<Build>
			<Target title="Debug">
				<Option output="bin/Debug/dISToBJ" prefix_auto="1" extension_auto="1" />
				<Option object_output="obj/Debug/" />
				<Option type="1" />
				<Option compiler="gcc" />
				<Compiler>
					<Add option="-g" />
					<Add directory="Test" />
				</Compiler>
				<Linker>
					<Add library="D:/Projects/boost_1_69_0/bin/win32/gcc/debug/lib/libboost_date_time-mgw51-mt-d-x32-1_69.a" />
				</Linker>
			</Target>
			<Target title="Release">
				<Option output="bin/Release/dISToBJ" prefix_auto="1" extension_auto="1" />
				<Option object_output="obj/Release/" />
				<Option type="1" />
				<Option compiler="gcc" />
				<Compiler>
					<Add option="-O2" />
				</Compiler>
				<Linker>
					<Add option="-s" />
					<Add library="../boost_1_69_0/bin/win32/gcc/release/lib/libboost_date_time-mgw51-mt-x32-1_69.a" />
				</Linker>
			</Target>
		</Build>
		<Compiler>
			<Add option="-Wall" />
			<Add option="-std=c++1z" />
			<Add option="-fexceptions" />
			<Add option="-Wno-unknown-pragmas" />
			<Add directory="Pch" />
			<Add directory="Base" />
			<Add directory="Test" />
			<Add directory="D:/Projects/boost_1_69_0" />
		</Compiler>
		<Unit filename="Base/Base.cpp" />
		<Unit filename="Base/Base.h" />
		<Unit filename="Base/Cast.h" />
		<Unit filename="Base/Object.cpp" />
		<Unit filename="Base/Object.h" />
		<Unit filename="Base/Property.cpp" />
		<Unit filename="Base/Property.h" />
		<Unit filename="Base/Value.cpp" />
		<Unit filename="Base/Value.h" />
		<Unit filename="Test/BaseTests.cpp" />
		<Unit filename="Test/BaseTests.h" />
		<Unit filename="Test/ObjectTests.cpp" />
		<Unit filename="Test/ObjectTests.h" />
		<Unit filename="Test/Test.cpp" />
		<Unit filename="Test/Test.h" />
		<Unit filename="Test/TestMain.cpp" />
		<Unit filename="Test/ValueTests.cpp" />
		<Unit filename="Test/ValueTests.h" />
		<Extensions>
			<code_completion />
			<envvars />
			<debugger />
			<lib_finder disable_auto="1" />
			<DoxyBlocks>
				<comment_style block="0" line="0" />
				<doxyfile_project />
				<doxyfile_build />
				<doxyfile_warnings />
				<doxyfile_output />
				<doxyfile_dot class_diagrams="1" have_dot="1" />
				<general />
			</DoxyBlocks>
		</Extensions>
	</Project>
</CodeBlocks_project_file>
