<?xml version="1.0" encoding="utf-8"?>
<Project ToolsVersion="4.0" xmlns="http://schemas.microsoft.com/developer/msbuild/2003">
  <ItemGroup>
    <Filter Include="Source Files">
      <UniqueIdentifier>{4FC737F1-C7A5-4376-A066-2A32D752A2FF}</UniqueIdentifier>
      <Extensions>cpp;c;cc;cxx;def;odl;idl;hpj;bat;asm;asmx</Extensions>
    </Filter>
    <Filter Include="Header Files">
      <UniqueIdentifier>{93995380-89BD-4b04-88EB-625FBE52EBFB}</UniqueIdentifier>
      <Extensions>h;hh;hpp;hxx;hm;inl;inc;ipp;xsd</Extensions>
    </Filter>
    <Filter Include="Resource Files">
      <UniqueIdentifier>{67DA6AB6-F800-4c08-8B7A-83BB121AAD01}</UniqueIdentifier>
      <Extensions>rc;ico;cur;bmp;dlg;rc2;rct;bin;rgs;gif;jpg;jpeg;jpe;resx;tiff;tif;png;wav;mfcribbon-ms</Extensions>
    </Filter>
    <Filter Include="Tests">
      <UniqueIdentifier>{2f7e2bda-a825-42b4-bb97-33f1c86d75e4}</UniqueIdentifier>
    </Filter>
    <Filter Include="Base">
      <UniqueIdentifier>{2c623de9-de21-4290-a519-a2fad8e03c34}</UniqueIdentifier>
    </Filter>
  </ItemGroup>
  <ItemGroup>
    <ClInclude Include="Pch\pch.h">
      <Filter>Header Files</Filter>
    </ClInclude>
    <ClInclude Include="Test\Test.h">
      <Filter>Tests</Filter>
    </ClInclude>
    <ClInclude Include="Test\BaseTests.h">
      <Filter>Tests</Filter>
    </ClInclude>
    <ClInclude Include="Test\ValueTests.h">
      <Filter>Tests</Filter>
    </ClInclude>
    <ClInclude Include="Base\Base.h">
      <Filter>Base</Filter>
    </ClInclude>
    <ClInclude Include="Base\Object.h">
      <Filter>Base</Filter>
    </ClInclude>
    <ClInclude Include="Base\Cast.h">
      <Filter>Base</Filter>
    </ClInclude>
    <ClInclude Include="Base\Property.h">
      <Filter>Base</Filter>
    </ClInclude>
    <ClInclude Include="Base\Value.h">
      <Filter>Base</Filter>
    </ClInclude>
    <ClInclude Include="Test\ObjectTests.h">
      <Filter>Tests</Filter>
    </ClInclude>
  </ItemGroup>
  <ItemGroup>
    <ClCompile Include="Pch\pch.cpp">
      <Filter>Source Files</Filter>
    </ClCompile>
    <ClCompile Include="Test\BaseTests.cpp">
      <Filter>Tests</Filter>
    </ClCompile>
    <ClCompile Include="Test\Test.cpp">
      <Filter>Tests</Filter>
    </ClCompile>
    <ClCompile Include="Test\ValueTests.cpp">
      <Filter>Tests</Filter>
    </ClCompile>
    <ClCompile Include="Test\TestMain.cpp">
      <Filter>Tests</Filter>
    </ClCompile>
    <ClCompile Include="Test\ObjectTests.cpp">
      <Filter>Tests</Filter>
    </ClCompile>
    <ClCompile Include="Base\Base.cpp">
      <Filter>Base</Filter>
    </ClCompile>
    <ClCompile Include="Base\Object.cpp">
      <Filter>Base</Filter>
    </ClCompile>
    <ClCompile Include="Base\Property.cpp">
      <Filter>Base</Filter>
    </ClCompile>
    <ClCompile Include="Base\Value.cpp">
      <Filter>Base</Filter>
    </ClCompile>
  </ItemGroup>
</Project>